
Microsoft Visual Studio Solution File, Format Version 12.00
# Visual Studio Version 17
VisualStudioVersion = 17.13.35818.85
MinimumVisualStudioVersion = 10.0.40219.1
Project("{FAE04EC0-301F-11D3-BF4B-00C04F79EFBC}") = "RoundedFormsExample", "RoundedFormsExample\RoundedFormsExample.csproj", "{1F65F790-1489-4F54-891F-0F7C134256F9}"
EndProject
Global
	GlobalSection(SolutionConfigurationPlatforms) = preSolution
		Debug|Any CPU = Debug|Any CPU
		Debug|x64 = Debug|x64
		Release|Any CPU = Release|Any CPU
		Release|x64 = Release|x64
	EndGlobalSection
	GlobalSection(ProjectConfigurationPlatforms) = postSolution
		{1F65F790-1489-4F54-891F-0F7C134256F9}.Debug|Any CPU.ActiveCfg = Debug|Any CPU
		{1F65F790-1489-4F54-891F-0F7C134256F9}.Debug|Any CPU.Build.0 = Debug|Any CPU
		{1F65F790-1489-4F54-891F-0F7C134256F9}.Debug|x64.ActiveCfg = Debug|x64
		{1F65F790-1489-4F54-891F-0F7C134256F9}.Debug|x64.Build.0 = Debug|x64
		{1F65F790-1489-4F54-891F-0F7C134256F9}.Release|Any CPU.ActiveCfg = Release|Any CPU
		{1F65F790-1489-4F54-891F-0F7C134256F9}.Release|Any CPU.Build.0 = Release|Any CPU
		{1F65F790-1489-4F54-891F-0F7C134256F9}.Release|x64.ActiveCfg = Release|x64
		{1F65F790-1489-4F54-891F-0F7C134256F9}.Release|x64.Build.0 = Release|x64
	EndGlobalSection
	GlobalSection(SolutionProperties) = preSolution
		HideSolutionNode = FALSE
	EndGlobalSection
	GlobalSection(ExtensibilityGlobals) = postSolution
		SolutionGuid = {187C58CC-AD6F-4F3B-B671-85CE2B1511E8}
	EndGlobalSection
EndGlobal
